
Microsoft Visual Studio Solution File, Format Version 12.00
# Visual Studio Version 17
VisualStudioVersion = 17.14.36127.28 d17.14
MinimumVisualStudioVersion = 10.0.40219.1
Project("{FAE04EC0-301F-11D3-BF4B-00C04F79EFBC}") = "Day1", "Day1\Day1.csproj", "{E4A9B104-BD55-4E9D-B18C-5D8BA428C9EC}"
EndProject
Global
	GlobalSection(SolutionConfigurationPlatforms) = preSolution
		Debug|Any CPU = Debug|Any CPU
		Release|Any CPU = Release|Any CPU
	EndGlobalSection
	GlobalSection(ProjectConfigurationPlatforms) = postSolution
		{E4A9B104-BD55-4E9D-B18C-5D8BA428C9EC}.Debug|Any CPU.ActiveCfg = Debug|Any CPU
		{E4A9B104-BD55-4E9D-B18C-5D8BA428C9EC}.Debug|Any CPU.Build.0 = Debug|Any CPU
		{E4A9B104-BD55-4E9D-B18C-5D8BA428C9EC}.Release|Any CPU.ActiveCfg = Release|Any CPU
		{E4A9B104-BD55-4E9D-B18C-5D8BA428C9EC}.Release|Any CPU.Build.0 = Release|Any CPU
	EndGlobalSection
	GlobalSection(SolutionProperties) = preSolution
		HideSolutionNode = FALSE
	EndGlobalSection
	GlobalSection(ExtensibilityGlobals) = postSolution
		SolutionGuid = {3BA47FDF-4E52-4447-A99D-58B3FBF8E108}
	EndGlobalSection
EndGlobal
